
Microsoft Visual Studio Solution File, Format Version 12.00
# Visual Studio Version 16
VisualStudioVersion = 16.0.808.5
MinimumVisualStudioVersion = 10.0.40219.1
Project("{FAE04EC0-301F-11D3-BF4B-00C04F79EFBC}") = "NumberGuessingGame", "NumberGuessingGame\NumberGuessingGame.csproj", "{31E37EE7-FBDE-414F-8504-7593EA55380B}"
EndProject
Global
	GlobalSection(SolutionConfigurationPlatforms) = preSolution
		Debug|anycpu = Debug|anycpu
		Release|anycpu = Release|anycpu
	EndGlobalSection
	GlobalSection(ProjectConfigurationPlatforms) = postSolution
		{31E37EE7-FBDE-414F-8504-7593EA55380B}.Debug|anycpu.ActiveCfg = Debug|anycpu
		{31E37EE7-FBDE-414F-8504-7593EA55380B}.Debug|anycpu.Build.0 = Debug|anycpu
		{31E37EE7-FBDE-414F-8504-7593EA55380B}.Release|anycpu.ActiveCfg = Release|anycpu
		{31E37EE7-FBDE-414F-8504-7593EA55380B}.Release|anycpu.Build.0 = Release|anycpu
	EndGlobalSection
	GlobalSection(SolutionProperties) = preSolution
		HideSolutionNode = FALSE
	EndGlobalSection
	GlobalSection(ExtensibilityGlobals) = postSolution
		SolutionGuid = {F3EA6C20-4105-465A-AD40-3005452FF687}
	EndGlobalSection
EndGlobal
